
Microsoft Visual Studio Solution File, Format Version 12.00
# Visual Studio 15
VisualStudioVersion = 15.0.28307.421
MinimumVisualStudioVersion = 10.0.40219.1
Project("{9A19103F-16F7-4668-BE54-9A1E7A4F7556}") = "WindowsServiceExample.Lib", "WindowsServiceExample.Lib\WindowsServiceExample.Lib.csproj", "{009BC541-4940-43B6-8112-4377365D547C}"
EndProject
Project("{9A19103F-16F7-4668-BE54-9A1E7A4F7556}") = "WindowsServiceExample", "WindowsServiceExample\WindowsServiceExample.csproj", "{AB92DD7C-7221-411C-9385-18AD77C6C58C}"
EndProject
Project("{FAE04EC0-301F-11D3-BF4B-00C04F79EFBC}") = "WindowsServiceExample.Net472", "WindowsServiceExample.Net472\WindowsServiceExample.Net472.csproj", "{40E321A4-AB79-4C0E-A971-35A6C133C2E3}"
EndProject
Global
	GlobalSection(SolutionConfigurationPlatforms) = preSolution
		Debug|Any CPU = Debug|Any CPU
		Release|Any CPU = Release|Any CPU
	EndGlobalSection
	GlobalSection(ProjectConfigurationPlatforms) = postSolution
		{009BC541-4940-43B6-8112-4377365D547C}.Debug|Any CPU.ActiveCfg = Debug|Any CPU
		{009BC541-4940-43B6-8112-4377365D547C}.Debug|Any CPU.Build.0 = Debug|Any CPU
		{009BC541-4940-43B6-8112-4377365D547C}.Release|Any CPU.ActiveCfg = Release|Any CPU
		{009BC541-4940-43B6-8112-4377365D547C}.Release|Any CPU.Build.0 = Release|Any CPU
		{AB92DD7C-7221-411C-9385-18AD77C6C58C}.Debug|Any CPU.ActiveCfg = Debug|Any CPU
		{AB92DD7C-7221-411C-9385-18AD77C6C58C}.Debug|Any CPU.Build.0 = Debug|Any CPU
		{AB92DD7C-7221-411C-9385-18AD77C6C58C}.Release|Any CPU.ActiveCfg = Release|Any CPU
		{AB92DD7C-7221-411C-9385-18AD77C6C58C}.Release|Any CPU.Build.0 = Release|Any CPU
		{40E321A4-AB79-4C0E-A971-35A6C133C2E3}.Debug|Any CPU.ActiveCfg = Debug|Any CPU
		{40E321A4-AB79-4C0E-A971-35A6C133C2E3}.Debug|Any CPU.Build.0 = Debug|Any CPU
		{40E321A4-AB79-4C0E-A971-35A6C133C2E3}.Release|Any CPU.ActiveCfg = Release|Any CPU
		{40E321A4-AB79-4C0E-A971-35A6C133C2E3}.Release|Any CPU.Build.0 = Release|Any CPU
	EndGlobalSection
	GlobalSection(SolutionProperties) = preSolution
		HideSolutionNode = FALSE
	EndGlobalSection
	GlobalSection(ExtensibilityGlobals) = postSolution
		SolutionGuid = {37004826-23FF-42E2-8B78-2514BD95B73F}
	EndGlobalSection
EndGlobal
